# THIS IS AN AUTOGENERATED FILE. DO NOT EDIT THIS FILE DIRECTLY.
# yarn lockfile v1


"@altv/types-client@16.1.2":
  version "16.1.2"
  resolved "https://registry.yarnpkg.com/@altv/types-client/-/types-client-16.1.2.tgz#b00a5c66ed03f639d62dd1bfea6a87f8c7edf16b"
  integrity sha512-0nvgU8oOjc1xn7os5SmABrF1hBLeE0/F6N0G7rC+NiycU3T/DO7KSp2rzuHpBLcKP3iccvQ7B3yF4HXu14zxGw==

"@altv/types-natives@16.1.1":
  version "16.1.1"
  resolved "https://registry.yarnpkg.com/@altv/types-natives/-/types-natives-16.1.1.tgz#61765e708eba7a56e18fa6a4f8bae109f767a05e"
  integrity sha512-UDl2P8qwy7nHI0jJLxxqXE99AWSGO0nc/80IEWoIQeOCsZ5VH1jSuCOZnBkui9ic6qyB2MEnmr65UjTi9Zg8ig==

"@altv/types-shared@16.1.0":
  version "16.1.0"
  resolved "https://registry.yarnpkg.com/@altv/types-shared/-/types-shared-16.1.0.tgz#38beaab87f67b8aa2b04e061d9311a8abdc9acfa"
  integrity sha512-npRvyehHLzxlLxA3cWOww6nO/ZZgN01M+RL8SCom1Up3etJZ/le/OeYo94VdwdBGtQtFthrtwzViMa385Krg/w==

"@types/node@^8.0.14":
  version "8.10.66"
  resolved "https://registry.yarnpkg.com/@types/node/-/node-8.10.66.tgz#dd035d409df322acc83dff62a602f12a5783bbb3"
  integrity sha512-tktOkFUA4kXx2hhhrB8bIFb5TbwzS4uOhKEmwiD+NoiL0qtP2OQ9mFldbgD4dV1djrlBYP6eBuQZiWjuHUpqFw==

typescript@4.4.4:
  version "4.4.4"
  resolved "https://registry.yarnpkg.com/typescript/-/typescript-4.4.4.tgz#2cd01a1a1f160704d3101fd5a58ff0f9fcb8030c"
  integrity sha512-DqGhF5IKoBl8WNf8C1gu8q0xZSInh9j1kJJMqT3a94w1JzVaBU4EXOSMrz9yDqMT0xt3selp83fuFMQ0uzv6qA==
