# THIS IS AN AUTOGENERATED FILE. DO NOT EDIT THIS FILE DIRECTLY.
# yarn lockfile v1


"@altv/types-client@15.0.8":
  version "15.0.8"
  resolved "https://registry.yarnpkg.com/@altv/types-client/-/types-client-15.0.8.tgz#ce34afa60b588bae5bfcbd3c4b88d9b89da0fbd6"
  integrity sha512-gCAJ0Cx/dbgwZG8Hhat8qzl5GS3r+5poTFPBlm5caH7qPFudcWv6bmDCrisFgjj6uRr0ioUCz/X7+qI9Bdq9Og==

"@altv/types-natives@15.0.8":
  version "15.0.8"
  resolved "https://registry.yarnpkg.com/@altv/types-natives/-/types-natives-15.0.8.tgz#4c4957cfdd4dc553dd30a8253843680f369de25a"
  integrity sha512-blJsp7j0TsmblRYK2GAQ+ftm2RUrjfdsEfGkjb/ny0cjYxFYzO1P9uobKoXpeUMJb7OFpiKrMlWk3yHbKvqi7Q==

"@altv/types-shared@15.0.8":
  version "15.0.8"
  resolved "https://registry.yarnpkg.com/@altv/types-shared/-/types-shared-15.0.8.tgz#f51c770bc9034ad4bdc7542faaf6665e7878d594"
  integrity sha512-452irCrvR3QwC7WwfNOOcsDhd+PkZ5+SRmuDkBUUQQaGd/elQa/zn2quPsZbg5ooZaHfCTmND1PwLRL0L8N42Q==

"@types/node@^8.0.14":
  version "8.10.66"
  resolved "https://registry.yarnpkg.com/@types/node/-/node-8.10.66.tgz#dd035d409df322acc83dff62a602f12a5783bbb3"
  integrity sha512-tktOkFUA4kXx2hhhrB8bIFb5TbwzS4uOhKEmwiD+NoiL0qtP2OQ9mFldbgD4dV1djrlBYP6eBuQZiWjuHUpqFw==

typescript@4.4.4:
  version "4.4.4"
  resolved "https://registry.yarnpkg.com/typescript/-/typescript-4.4.4.tgz#2cd01a1a1f160704d3101fd5a58ff0f9fcb8030c"
  integrity sha512-DqGhF5IKoBl8WNf8C1gu8q0xZSInh9j1kJJMqT3a94w1JzVaBU4EXOSMrz9yDqMT0xt3selp83fuFMQ0uzv6qA==
