# THIS IS AN AUTOGENERATED FILE. DO NOT EDIT THIS FILE DIRECTLY.
# yarn lockfile v1


"@altv/types-client@2.8.3":
  version "2.8.3"
  resolved "https://registry.yarnpkg.com/@altv/types-client/-/types-client-2.8.3.tgz#d0cb5b207b2de6198626513142e9873f84492c83"
  integrity sha512-Aqk5Nv1ws5Y1qM2/kGuCtX5tU4Clii1oiK4FSm5y73AJbtn2ffvnLFO3izwx+EtTJldQj64WgKd68cNNybH8RA==

"@altv/types-natives@1.5.4":
  version "1.5.4"
  resolved "https://registry.yarnpkg.com/@altv/types-natives/-/types-natives-1.5.4.tgz#f999821ad5e11a0b8132a0ff8a7b8dfaf05dd328"
  integrity sha512-N4jtJ4f8KFOCi0sxlVvTWF7I7Nz/ylq136sIJMpsHIcBWIlysWF6zdJFdBW5bkquDGWgY8aBYPQ4TU+ayQhukw==

"@altv/types-shared@1.5.7":
  version "1.5.7"
  resolved "https://registry.yarnpkg.com/@altv/types-shared/-/types-shared-1.5.7.tgz#a9d87def880bb3d095628433fbf8a3b9ca058ec0"
  integrity sha512-t1+a8BRpUr3DR4gaPE4ljyVQbYqPzfxwKpD8MES9/K91TxS/prc8d+xmZMmMEyIJRuHSW3Q9nUHq2b57aZQ00Q==

"@types/node@^8.0.14":
  version "8.10.66"
  resolved "https://registry.yarnpkg.com/@types/node/-/node-8.10.66.tgz#dd035d409df322acc83dff62a602f12a5783bbb3"
  integrity sha512-tktOkFUA4kXx2hhhrB8bIFb5TbwzS4uOhKEmwiD+NoiL0qtP2OQ9mFldbgD4dV1djrlBYP6eBuQZiWjuHUpqFw==

typescript@4.4.4:
  version "4.4.4"
  resolved "https://registry.yarnpkg.com/typescript/-/typescript-4.4.4.tgz#2cd01a1a1f160704d3101fd5a58ff0f9fcb8030c"
  integrity sha512-DqGhF5IKoBl8WNf8C1gu8q0xZSInh9j1kJJMqT3a94w1JzVaBU4EXOSMrz9yDqMT0xt3selp83fuFMQ0uzv6qA==
